
Microsoft Visual Studio Solution File, Format Version 12.00
# Visual Studio Version 17
VisualStudioVersion = 17.5.33516.290
MinimumVisualStudioVersion = 10.0.40219.1
Project("{2150E333-8FDC-42A3-9474-1A3956D46DE8}") = "Frameworks", "Frameworks", "{6BF28FB3-9FA0-4A68-A66F-B7701CD93C69}"
EndProject
Project("{2150E333-8FDC-42A3-9474-1A3956D46DE8}") = "Shared", "Shared", "{3AD8F8BC-058D-42FA-B8FB-CF4AE01AAD37}"
	ProjectSection(SolutionItems) = preProject
		.editorconfig = .editorconfig
		.runsettings = .runsettings
		Directory.Packages.props = Directory.Packages.props
		SampleFullConfiguration.json = SampleFullConfiguration.json
		SharedFrameworkAssmblyInfo.props = SharedFrameworkAssmblyInfo.props
		SharedFrameworkDemocriteAssemblyInfo.props = SharedFrameworkDemocriteAssemblyInfo.props
	EndProjectSection
EndProject
Project("{2150E333-8FDC-42A3-9474-1A3956D46DE8}") = "Tests", "Tests", "{40C9D1BA-089B-41C3-A99E-5ED5D06462D1}"
EndProject
Project("{2150E333-8FDC-42A3-9474-1A3956D46DE8}") = "Extensions", "Extensions", "{2F1AD903-9D49-4E20-9673-C93C5F85185B}"
EndProject
Project("{2150E333-8FDC-42A3-9474-1A3956D46DE8}") = "Docs", "Docs", "{F3FCFC0A-13BC-4DDA-B0B8-551971907878}"
	ProjectSection(SolutionItems) = preProject
		docs\CONTRIBUTING = docs\CONTRIBUTING
		docs\definitions.schema.json = docs\definitions.schema.json
		README.md = README.md
		docs\Team.md = docs\Team.md
	EndProjectSection
EndProject
Project("{9A19103F-16F7-4668-BE54-9A1E7A4F7556}") = "Democrite.Framework.Node.Cron", "src\Extensions\Democrite.Framework.Node.Cron\Democrite.Framework.Node.Cron.csproj", "{BC9B4C85-BB29-4B99-854C-CA04702F2047}"
EndProject
Project("{9A19103F-16F7-4668-BE54-9A1E7A4F7556}") = "Democrite.Framework.Node.Signals", "src\Extensions\Democrite.Framework.Node.Signals\Democrite.Framework.Node.Signals.csproj", "{FC071BF1-ADF5-4A85-9E3F-ADC5E4361AE1}"
EndProject
Project("{9A19103F-16F7-4668-BE54-9A1E7A4F7556}") = "Democrite.Framework.Builders", "src\Frameworks\Democrite.Framework.Builders\Democrite.Framework.Builders.csproj", "{BE03C81D-C026-42CD-B618-65F1B3A97994}"
EndProject
Project("{9A19103F-16F7-4668-BE54-9A1E7A4F7556}") = "Democrite.Framework.Client", "src\Frameworks\Democrite.Framework.Client\Democrite.Framework.Client.csproj", "{E5D1AC14-D3BD-4621-A096-5868923CDE46}"
EndProject
Project("{9A19103F-16F7-4668-BE54-9A1E7A4F7556}") = "Democrite.Framework.Client.Abstractions", "src\Frameworks\Democrite.Framework.Client.Abstractions\Democrite.Framework.Client.Abstractions.csproj", "{0C41F250-F363-49E3-8024-7F1029396368}"
EndProject
Project("{9A19103F-16F7-4668-BE54-9A1E7A4F7556}") = "Democrite.Framework.Cluster", "src\Frameworks\Democrite.Framework.Cluster\Democrite.Framework.Cluster.csproj", "{575912F2-7432-43E9-B668-AD37095B5F08}"
EndProject
Project("{9A19103F-16F7-4668-BE54-9A1E7A4F7556}") = "Democrite.Framework.Cluster.Abstractions", "src\Frameworks\Democrite.Framework.Cluster.Abstractions\Democrite.Framework.Cluster.Abstractions.csproj", "{E520F077-1BDF-4B40-9231-A641907A8385}"
EndProject
Project("{9A19103F-16F7-4668-BE54-9A1E7A4F7556}") = "Democrite.Framework.Core", "src\Frameworks\Democrite.Framework.Core\Democrite.Framework.Core.csproj", "{760E072C-F48D-4E6A-BB26-46105A3A500F}"
EndProject
Project("{9A19103F-16F7-4668-BE54-9A1E7A4F7556}") = "Democrite.Framework.Core.Abstractions", "src\Frameworks\Democrite.Framework.Core.Abstractions\Democrite.Framework.Core.Abstractions.csproj", "{78681F99-D420-43A4-9488-103C86D4F331}"
EndProject
Project("{9A19103F-16F7-4668-BE54-9A1E7A4F7556}") = "Democrite.Framework.Node", "src\Frameworks\Democrite.Framework.Node\Democrite.Framework.Node.csproj", "{738189AD-7170-4393-9E46-EE09C1590EB9}"
EndProject
Project("{9A19103F-16F7-4668-BE54-9A1E7A4F7556}") = "Democrite.Framework.Node.Abstractions", "src\Frameworks\Democrite.Framework.Node.Abstractions\Democrite.Framework.Node.Abstractions.csproj", "{128A805A-EBB4-4EC8-A461-2949AF5F3615}"
EndProject
Project("{9A19103F-16F7-4668-BE54-9A1E7A4F7556}") = "Democrite.Framework.Builders.UnitTests", "src\Tests\Democrite.Framework.Builders.UnitTests\Democrite.Framework.Builders.UnitTests.csproj", "{F95712C8-D9E5-4C4E-9BC0-2464C9F5232A}"
EndProject
Project("{9A19103F-16F7-4668-BE54-9A1E7A4F7556}") = "Democrite.Framework.Cluster.UnitTests", "src\Tests\Democrite.Framework.Cluster.UnitTests\Democrite.Framework.Cluster.UnitTests.csproj", "{75562161-40E3-4C03-A4F6-AFE5472687C8}"
EndProject
Project("{9A19103F-16F7-4668-BE54-9A1E7A4F7556}") = "Democrite.Framework.Core.UnitTests", "src\Tests\Democrite.Framework.Core.UnitTests\Democrite.Framework.Core.UnitTests.csproj", "{5AB36113-27A5-4B0A-A29B-165B69E84571}"
EndProject
Project("{9A19103F-16F7-4668-BE54-9A1E7A4F7556}") = "Democrite.Framework.Node.UnitTests", "src\Tests\Democrite.Framework.Node.UnitTests\Democrite.Framework.Node.UnitTests.csproj", "{37A55C8E-BEEA-4917-92AD-D325DFFCDDD0}"
EndProject
Project("{9A19103F-16F7-4668-BE54-9A1E7A4F7556}") = "Democrite.UnitTests.ToolKit", "src\Tests\Democrite.UnitTests.ToolKit\Democrite.UnitTests.ToolKit.csproj", "{25AD23F9-36C7-462D-834E-81C6D18737B9}"
EndProject
Project("{2150E333-8FDC-42A3-9474-1A3956D46DE8}") = "Bags", "Bags", "{D53F80C8-5B1F-4153-989A-A10DD890B9D2}"
EndProject
Project("{9A19103F-16F7-4668-BE54-9A1E7A4F7556}") = "Democrite.Framework.Bag.Web", "src\Extensions\Bags\Democrite.Framework.Bag.Web\Democrite.Framework.Bag.Web.csproj", "{D7908BB4-28E9-4401-A477-DAD299AC494F}"
EndProject
Project("{9A19103F-16F7-4668-BE54-9A1E7A4F7556}") = "Democrite.Framework.Bag.Web.Abstractions", "src\Extensions\Bags\Democrite.Framework.Bag.Web.Abstractions\Democrite.Framework.Bag.Web.Abstractions.csproj", "{A5546B4F-0D53-44B2-8357-10E49EA09847}"
EndProject
Project("{9A19103F-16F7-4668-BE54-9A1E7A4F7556}") = "Democrite.Test.VGrains", "src\Tests\Democrite.Test.VGrains\Democrite.Test.VGrains.csproj", "{9D5E6CB2-9B3E-4EE6-9AFF-096DE4DE5EDC}"
EndProject
Project("{9A19103F-16F7-4668-BE54-9A1E7A4F7556}") = "Democrite.Test.Interfaces", "src\Tests\Democrite.Test.Interfaces\Democrite.Test.Interfaces.csproj", "{43393575-ECC4-48BD-802F-934C98E951BF}"
EndProject
Project("{9A19103F-16F7-4668-BE54-9A1E7A4F7556}") = "Democrite.Framework.Node.Signals.UnitTests", "src\Tests\Democrite.Framework.Node.Signals.UnitTests\Democrite.Framework.Node.Signals.UnitTests.csproj", "{21E4B92B-8803-405B-B05B-1524A5462886}"
EndProject
Project("{9A19103F-16F7-4668-BE54-9A1E7A4F7556}") = "Democrite.Framework.Core.Abstraction.UnitTests", "src\Tests\Democrite.Framework.Core.Abstraction.UnitTests\Democrite.Framework.Core.Abstraction.UnitTests.csproj", "{47B7D805-040F-42F8-A057-BCF37476D2C7}"
EndProject
Project("{9A19103F-16F7-4668-BE54-9A1E7A4F7556}") = "Democrite.Framework.Node.Abstraction.UnitTests", "src\Tests\Democrite.Framework.Node.Abstraction.UnitTests\Democrite.Framework.Node.Abstraction.UnitTests.csproj", "{DDB1B1B2-F1EB-4D19-8325-0CFEFECBBC46}"
EndProject
Project("{9A19103F-16F7-4668-BE54-9A1E7A4F7556}") = "Democrite.Framework.Bag.DebugTools", "src\Extensions\Bags\Democrite.Framework.Bag.DebugTools\Democrite.Framework.Bag.DebugTools.csproj", "{AA1C66AC-4910-443E-ABA9-76F1E581EA78}"
EndProject
Project("{9A19103F-16F7-4668-BE54-9A1E7A4F7556}") = "Democrite.Framework.Extensions.Mongo.Abstractions", "src\Extensions\Democrite.Framework.Extensions.Mongo.Abstractions\Democrite.Framework.Extensions.Mongo.Abstractions.csproj", "{A181A232-49C5-47EF-A199-3BE0A19192A3}"
EndProject
Project("{9A19103F-16F7-4668-BE54-9A1E7A4F7556}") = "Democrite.Framework.Extensions.Mongo", "src\Extensions\Democrite.Framework.Extensions.Mongo\Democrite.Framework.Extensions.Mongo.csproj", "{ADAF23A8-3574-4F9E-94C9-BF046AA26CF2}"
EndProject
Project("{2150E333-8FDC-42A3-9474-1A3956D46DE8}") = "Dist", "Dist", "{D52F0DA3-F60F-40AA-BDDD-EFE133485A3F}"
EndProject
Project("{2150E333-8FDC-42A3-9474-1A3956D46DE8}") = "Python", "Python", "{8CD6E17A-6E84-47B9-B069-C5ED19253ED1}"
	ProjectSection(SolutionItems) = preProject
		src\Extensions\Dist\Python\democrite.py = src\Extensions\Dist\Python\democrite.py
		src\Extensions\Dist\Python\pyproject.toml = src\Extensions\Dist\Python\pyproject.toml
		src\Extensions\Dist\Python\README.md = src\Extensions\Dist\Python\README.md
	EndProjectSection
EndProject
Project("{9A19103F-16F7-4668-BE54-9A1E7A4F7556}") = "Democrite.Framework.Node.StreamQueue", "src\Extensions\Democrite.Framework.Node.StreamQueue\Democrite.Framework.Node.StreamQueue.csproj", "{FEB1A5CA-7673-4D1C-8CE3-3158E6768839}"
EndProject
Project("{9A19103F-16F7-4668-BE54-9A1E7A4F7556}") = "Democrite.Framework.Bag.Toolbox", "src\Extensions\Bags\Democrite.Framework.Bag.Toolbox\Democrite.Framework.Bag.Toolbox.csproj", "{D574B461-68DC-4F4D-A3E2-E4AD3CE2CAD8}"
EndProject
Project("{9A19103F-16F7-4668-BE54-9A1E7A4F7556}") = "Democrite.Framework.Bag.Toolbox.Abstractions", "src\Extensions\Bags\Democrite.Framework.Bag.Toolbox.Abstractions\Democrite.Framework.Bag.Toolbox.Abstractions.csproj", "{96FF1BDB-3E6B-4A43-B930-35A87CE5C7D5}"
EndProject
Project("{9A19103F-16F7-4668-BE54-9A1E7A4F7556}") = "Democrite.Framework.Node.Blackboard", "src\Extensions\Democrite.Framework.Node.Blackboard\Democrite.Framework.Node.Blackboard.csproj", "{8A35D700-999C-4966-BBDE-23DE9428FC59}"
EndProject
Project("{9A19103F-16F7-4668-BE54-9A1E7A4F7556}") = "Democrite.Framework.Node.Blackboard.Abstractions", "src\Extensions\Democrite.Framework.Node.Blackboard.Abstractions\Democrite.Framework.Node.Blackboard.Abstractions.csproj", "{CAFA45C5-80FF-4546-B07F-DCB6121CD7DE}"
EndProject
Project("{9A19103F-16F7-4668-BE54-9A1E7A4F7556}") = "Democrite.Framework.Node.Blackboard.Builders", "src\Extensions\Democrite.Framework.Node.Blackboard.Builders\Democrite.Framework.Node.Blackboard.Builders.csproj", "{8A695046-2272-4495-BE95-7D2261077132}"
EndProject
Project("{9A19103F-16F7-4668-BE54-9A1E7A4F7556}") = "Democrite.Framework.Node.Blackboard.UnitTests", "src\Tests\Democrite.Framework.Node.Blackboard.UnitTests\Democrite.Framework.Node.Blackboard.UnitTests.csproj", "{C8472607-4485-4E07-B1C6-ACFE76F23077}"
EndProject
Project("{9A19103F-16F7-4668-BE54-9A1E7A4F7556}") = "Democrite.Framework.Node.Blackboard.Abstraction.UnitTests", "src\Tests\Democrite.Framework.Node.Blackboard.Abstraction.UnitTests\Democrite.Framework.Node.Blackboard.Abstraction.UnitTests.csproj", "{6C5EEEC8-CE48-4F3B-9325-E38BDC1ACBCD}"
EndProject
Project("{9A19103F-16F7-4668-BE54-9A1E7A4F7556}") = "Democrite.Framework.DataModel", "src\Frameworks\Democrite.Framework.DataModel\Democrite.Framework.DataModel.csproj", "{A4C1A1DE-69CC-4240-84CD-9088709186F6}"
EndProject
Project("{9A19103F-16F7-4668-BE54-9A1E7A4F7556}") = "Democrite.Framework.Extensions.Mongo.Builders", "src\Extensions\Democrite.Framework.Extensions.Mongo.Builders\Democrite.Framework.Extensions.Mongo.Builders.csproj", "{C482919A-AD5A-4942-8FB1-841472495983}"
EndProject
Project("{9A19103F-16F7-4668-BE54-9A1E7A4F7556}") = "Democrite.Framework.Extensions.Docker", "src\Extensions\Democrite.Framework.Extensions.Docker\Democrite.Framework.Extensions.Docker.csproj", "{F7E96355-FB9F-4303-B62B-6B2E0435BDC7}"
EndProject
Project("{9A19103F-16F7-4668-BE54-9A1E7A4F7556}") = "Democrite.Framework.Extensions.Docker.Abstractions", "src\Extensions\Democrite.Framework.Extensions.Docker.Abstractions\Democrite.Framework.Extensions.Docker.Abstractions.csproj", "{FF0F2C7C-D442-4627-8395-59F83BDC606F}"
EndProject
Project("{9A19103F-16F7-4668-BE54-9A1E7A4F7556}") = "Democrite.Framework.Extensions.Docker.Builders", "src\Extensions\Democrite.Framework.Extensions.Docker.Builders\Democrite.Framework.Extensions.Docker.Builders.csproj", "{A8726AE1-43F7-49E7-986A-C10805A34DAC}"
EndProject
Project("{9A19103F-16F7-4668-BE54-9A1E7A4F7556}") = "Democrite.Framework.Core.CodeGenerator", "src\Frameworks\Democrite.Framework.Core.CodeGenerator\Democrite.Framework.Core.CodeGenerator.csproj", "{17BF9E29-0EE8-49F7-97AE-4D7C00DEC921}"
EndProject
Project("{FAE04EC0-301F-11D3-BF4B-00C04F79EFBC}") = "Democrite.Framework.Core.CodeGenerator.UnitTests", "src\Tests\Democrite.Framework.Core.CodeGenerator.UnitTests\Democrite.Framework.Core.CodeGenerator.UnitTests.csproj", "{9439918C-82C8-4E3A-B0B6-8E653CD4AF36}"
EndProject
Global
	GlobalSection(SolutionConfigurationPlatforms) = preSolution
		Debug|Any CPU = Debug|Any CPU
		Release|Any CPU = Release|Any CPU
	EndGlobalSection
	GlobalSection(ProjectConfigurationPlatforms) = postSolution
		{BC9B4C85-BB29-4B99-854C-CA04702F2047}.Debug|Any CPU.ActiveCfg = Debug|Any CPU
		{BC9B4C85-BB29-4B99-854C-CA04702F2047}.Debug|Any CPU.Build.0 = Debug|Any CPU
		{BC9B4C85-BB29-4B99-854C-CA04702F2047}.Release|Any CPU.ActiveCfg = Release|Any CPU
		{BC9B4C85-BB29-4B99-854C-CA04702F2047}.Release|Any CPU.Build.0 = Release|Any CPU
		{FC071BF1-ADF5-4A85-9E3F-ADC5E4361AE1}.Debug|Any CPU.ActiveCfg = Debug|Any CPU
		{FC071BF1-ADF5-4A85-9E3F-ADC5E4361AE1}.Debug|Any CPU.Build.0 = Debug|Any CPU
		{FC071BF1-ADF5-4A85-9E3F-ADC5E4361AE1}.Release|Any CPU.ActiveCfg = Release|Any CPU
		{FC071BF1-ADF5-4A85-9E3F-ADC5E4361AE1}.Release|Any CPU.Build.0 = Release|Any CPU
		{BE03C81D-C026-42CD-B618-65F1B3A97994}.Debug|Any CPU.ActiveCfg = Debug|Any CPU
		{BE03C81D-C026-42CD-B618-65F1B3A97994}.Debug|Any CPU.Build.0 = Debug|Any CPU
		{BE03C81D-C026-42CD-B618-65F1B3A97994}.Release|Any CPU.ActiveCfg = Release|Any CPU
		{BE03C81D-C026-42CD-B618-65F1B3A97994}.Release|Any CPU.Build.0 = Release|Any CPU
		{E5D1AC14-D3BD-4621-A096-5868923CDE46}.Debug|Any CPU.ActiveCfg = Debug|Any CPU
		{E5D1AC14-D3BD-4621-A096-5868923CDE46}.Debug|Any CPU.Build.0 = Debug|Any CPU
		{E5D1AC14-D3BD-4621-A096-5868923CDE46}.Release|Any CPU.ActiveCfg = Release|Any CPU
		{E5D1AC14-D3BD-4621-A096-5868923CDE46}.Release|Any CPU.Build.0 = Release|Any CPU
		{0C41F250-F363-49E3-8024-7F1029396368}.Debug|Any CPU.ActiveCfg = Debug|Any CPU
		{0C41F250-F363-49E3-8024-7F1029396368}.Debug|Any CPU.Build.0 = Debug|Any CPU
		{0C41F250-F363-49E3-8024-7F1029396368}.Release|Any CPU.ActiveCfg = Release|Any CPU
		{0C41F250-F363-49E3-8024-7F1029396368}.Release|Any CPU.Build.0 = Release|Any CPU
		{575912F2-7432-43E9-B668-AD37095B5F08}.Debug|Any CPU.ActiveCfg = Debug|Any CPU
		{575912F2-7432-43E9-B668-AD37095B5F08}.Debug|Any CPU.Build.0 = Debug|Any CPU
		{575912F2-7432-43E9-B668-AD37095B5F08}.Release|Any CPU.ActiveCfg = Release|Any CPU
		{575912F2-7432-43E9-B668-AD37095B5F08}.Release|Any CPU.Build.0 = Release|Any CPU
		{E520F077-1BDF-4B40-9231-A641907A8385}.Debug|Any CPU.ActiveCfg = Debug|Any CPU
		{E520F077-1BDF-4B40-9231-A641907A8385}.Debug|Any CPU.Build.0 = Debug|Any CPU
		{E520F077-1BDF-4B40-9231-A641907A8385}.Release|Any CPU.ActiveCfg = Release|Any CPU
		{E520F077-1BDF-4B40-9231-A641907A8385}.Release|Any CPU.Build.0 = Release|Any CPU
		{760E072C-F48D-4E6A-BB26-46105A3A500F}.Debug|Any CPU.ActiveCfg = Debug|Any CPU
		{760E072C-F48D-4E6A-BB26-46105A3A500F}.Debug|Any CPU.Build.0 = Debug|Any CPU
		{760E072C-F48D-4E6A-BB26-46105A3A500F}.Release|Any CPU.ActiveCfg = Release|Any CPU
		{760E072C-F48D-4E6A-BB26-46105A3A500F}.Release|Any CPU.Build.0 = Release|Any CPU
		{78681F99-D420-43A4-9488-103C86D4F331}.Debug|Any CPU.ActiveCfg = Debug|Any CPU
		{78681F99-D420-43A4-9488-103C86D4F331}.Debug|Any CPU.Build.0 = Debug|Any CPU
		{78681F99-D420-43A4-9488-103C86D4F331}.Release|Any CPU.ActiveCfg = Release|Any CPU
		{78681F99-D420-43A4-9488-103C86D4F331}.Release|Any CPU.Build.0 = Release|Any CPU
		{738189AD-7170-4393-9E46-EE09C1590EB9}.Debug|Any CPU.ActiveCfg = Debug|Any CPU
		{738189AD-7170-4393-9E46-EE09C1590EB9}.Debug|Any CPU.Build.0 = Debug|Any CPU
		{738189AD-7170-4393-9E46-EE09C1590EB9}.Release|Any CPU.ActiveCfg = Release|Any CPU
		{738189AD-7170-4393-9E46-EE09C1590EB9}.Release|Any CPU.Build.0 = Release|Any CPU
		{128A805A-EBB4-4EC8-A461-2949AF5F3615}.Debug|Any CPU.ActiveCfg = Debug|Any CPU
		{128A805A-EBB4-4EC8-A461-2949AF5F3615}.Debug|Any CPU.Build.0 = Debug|Any CPU
		{128A805A-EBB4-4EC8-A461-2949AF5F3615}.Release|Any CPU.ActiveCfg = Release|Any CPU
		{128A805A-EBB4-4EC8-A461-2949AF5F3615}.Release|Any CPU.Build.0 = Release|Any CPU
		{F95712C8-D9E5-4C4E-9BC0-2464C9F5232A}.Debug|Any CPU.ActiveCfg = Debug|Any CPU
		{F95712C8-D9E5-4C4E-9BC0-2464C9F5232A}.Debug|Any CPU.Build.0 = Debug|Any CPU
		{F95712C8-D9E5-4C4E-9BC0-2464C9F5232A}.Release|Any CPU.ActiveCfg = Release|Any CPU
		{F95712C8-D9E5-4C4E-9BC0-2464C9F5232A}.Release|Any CPU.Build.0 = Release|Any CPU
		{75562161-40E3-4C03-A4F6-AFE5472687C8}.Debug|Any CPU.ActiveCfg = Debug|Any CPU
		{75562161-40E3-4C03-A4F6-AFE5472687C8}.Debug|Any CPU.Build.0 = Debug|Any CPU
		{75562161-40E3-4C03-A4F6-AFE5472687C8}.Release|Any CPU.ActiveCfg = Release|Any CPU
		{75562161-40E3-4C03-A4F6-AFE5472687C8}.Release|Any CPU.Build.0 = Release|Any CPU
		{5AB36113-27A5-4B0A-A29B-165B69E84571}.Debug|Any CPU.ActiveCfg = Debug|Any CPU
		{5AB36113-27A5-4B0A-A29B-165B69E84571}.Debug|Any CPU.Build.0 = Debug|Any CPU
		{5AB36113-27A5-4B0A-A29B-165B69E84571}.Release|Any CPU.ActiveCfg = Release|Any CPU
		{5AB36113-27A5-4B0A-A29B-165B69E84571}.Release|Any CPU.Build.0 = Release|Any CPU
		{37A55C8E-BEEA-4917-92AD-D325DFFCDDD0}.Debug|Any CPU.ActiveCfg = Debug|Any CPU
		{37A55C8E-BEEA-4917-92AD-D325DFFCDDD0}.Debug|Any CPU.Build.0 = Debug|Any CPU
		{37A55C8E-BEEA-4917-92AD-D325DFFCDDD0}.Release|Any CPU.ActiveCfg = Release|Any CPU
		{37A55C8E-BEEA-4917-92AD-D325DFFCDDD0}.Release|Any CPU.Build.0 = Release|Any CPU
		{25AD23F9-36C7-462D-834E-81C6D18737B9}.Debug|Any CPU.ActiveCfg = Debug|Any CPU
		{25AD23F9-36C7-462D-834E-81C6D18737B9}.Debug|Any CPU.Build.0 = Debug|Any CPU
		{25AD23F9-36C7-462D-834E-81C6D18737B9}.Release|Any CPU.ActiveCfg = Release|Any CPU
		{25AD23F9-36C7-462D-834E-81C6D18737B9}.Release|Any CPU.Build.0 = Release|Any CPU
		{D7908BB4-28E9-4401-A477-DAD299AC494F}.Debug|Any CPU.ActiveCfg = Debug|Any CPU
		{D7908BB4-28E9-4401-A477-DAD299AC494F}.Debug|Any CPU.Build.0 = Debug|Any CPU
		{D7908BB4-28E9-4401-A477-DAD299AC494F}.Release|Any CPU.ActiveCfg = Release|Any CPU
		{D7908BB4-28E9-4401-A477-DAD299AC494F}.Release|Any CPU.Build.0 = Release|Any CPU
		{A5546B4F-0D53-44B2-8357-10E49EA09847}.Debug|Any CPU.ActiveCfg = Debug|Any CPU
		{A5546B4F-0D53-44B2-8357-10E49EA09847}.Debug|Any CPU.Build.0 = Debug|Any CPU
		{A5546B4F-0D53-44B2-8357-10E49EA09847}.Release|Any CPU.ActiveCfg = Release|Any CPU
		{A5546B4F-0D53-44B2-8357-10E49EA09847}.Release|Any CPU.Build.0 = Release|Any CPU
		{9D5E6CB2-9B3E-4EE6-9AFF-096DE4DE5EDC}.Debug|Any CPU.ActiveCfg = Debug|Any CPU
		{9D5E6CB2-9B3E-4EE6-9AFF-096DE4DE5EDC}.Debug|Any CPU.Build.0 = Debug|Any CPU
		{9D5E6CB2-9B3E-4EE6-9AFF-096DE4DE5EDC}.Release|Any CPU.ActiveCfg = Release|Any CPU
		{9D5E6CB2-9B3E-4EE6-9AFF-096DE4DE5EDC}.Release|Any CPU.Build.0 = Release|Any CPU
		{43393575-ECC4-48BD-802F-934C98E951BF}.Debug|Any CPU.ActiveCfg = Debug|Any CPU
		{43393575-ECC4-48BD-802F-934C98E951BF}.Debug|Any CPU.Build.0 = Debug|Any CPU
		{43393575-ECC4-48BD-802F-934C98E951BF}.Release|Any CPU.ActiveCfg = Release|Any CPU
		{43393575-ECC4-48BD-802F-934C98E951BF}.Release|Any CPU.Build.0 = Release|Any CPU
		{21E4B92B-8803-405B-B05B-1524A5462886}.Debug|Any CPU.ActiveCfg = Debug|Any CPU
		{21E4B92B-8803-405B-B05B-1524A5462886}.Debug|Any CPU.Build.0 = Debug|Any CPU
		{21E4B92B-8803-405B-B05B-1524A5462886}.Release|Any CPU.ActiveCfg = Release|Any CPU
		{21E4B92B-8803-405B-B05B-1524A5462886}.Release|Any CPU.Build.0 = Release|Any CPU
		{47B7D805-040F-42F8-A057-BCF37476D2C7}.Debug|Any CPU.ActiveCfg = Debug|Any CPU
		{47B7D805-040F-42F8-A057-BCF37476D2C7}.Debug|Any CPU.Build.0 = Debug|Any CPU
		{47B7D805-040F-42F8-A057-BCF37476D2C7}.Release|Any CPU.ActiveCfg = Release|Any CPU
		{47B7D805-040F-42F8-A057-BCF37476D2C7}.Release|Any CPU.Build.0 = Release|Any CPU
		{DDB1B1B2-F1EB-4D19-8325-0CFEFECBBC46}.Debug|Any CPU.ActiveCfg = Debug|Any CPU
		{DDB1B1B2-F1EB-4D19-8325-0CFEFECBBC46}.Debug|Any CPU.Build.0 = Debug|Any CPU
		{DDB1B1B2-F1EB-4D19-8325-0CFEFECBBC46}.Release|Any CPU.ActiveCfg = Release|Any CPU
		{DDB1B1B2-F1EB-4D19-8325-0CFEFECBBC46}.Release|Any CPU.Build.0 = Release|Any CPU
		{AA1C66AC-4910-443E-ABA9-76F1E581EA78}.Debug|Any CPU.ActiveCfg = Debug|Any CPU
		{AA1C66AC-4910-443E-ABA9-76F1E581EA78}.Debug|Any CPU.Build.0 = Debug|Any CPU
		{AA1C66AC-4910-443E-ABA9-76F1E581EA78}.Release|Any CPU.ActiveCfg = Release|Any CPU
		{AA1C66AC-4910-443E-ABA9-76F1E581EA78}.Release|Any CPU.Build.0 = Release|Any CPU
		{A181A232-49C5-47EF-A199-3BE0A19192A3}.Debug|Any CPU.ActiveCfg = Debug|Any CPU
		{A181A232-49C5-47EF-A199-3BE0A19192A3}.Debug|Any CPU.Build.0 = Debug|Any CPU
		{A181A232-49C5-47EF-A199-3BE0A19192A3}.Release|Any CPU.ActiveCfg = Release|Any CPU
		{A181A232-49C5-47EF-A199-3BE0A19192A3}.Release|Any CPU.Build.0 = Release|Any CPU
		{ADAF23A8-3574-4F9E-94C9-BF046AA26CF2}.Debug|Any CPU.ActiveCfg = Debug|Any CPU
		{ADAF23A8-3574-4F9E-94C9-BF046AA26CF2}.Debug|Any CPU.Build.0 = Debug|Any CPU
		{ADAF23A8-3574-4F9E-94C9-BF046AA26CF2}.Release|Any CPU.ActiveCfg = Release|Any CPU
		{ADAF23A8-3574-4F9E-94C9-BF046AA26CF2}.Release|Any CPU.Build.0 = Release|Any CPU
		{FEB1A5CA-7673-4D1C-8CE3-3158E6768839}.Debug|Any CPU.ActiveCfg = Debug|Any CPU
		{FEB1A5CA-7673-4D1C-8CE3-3158E6768839}.Debug|Any CPU.Build.0 = Debug|Any CPU
		{FEB1A5CA-7673-4D1C-8CE3-3158E6768839}.Release|Any CPU.ActiveCfg = Release|Any CPU
		{FEB1A5CA-7673-4D1C-8CE3-3158E6768839}.Release|Any CPU.Build.0 = Release|Any CPU
		{D574B461-68DC-4F4D-A3E2-E4AD3CE2CAD8}.Debug|Any CPU.ActiveCfg = Debug|Any CPU
		{D574B461-68DC-4F4D-A3E2-E4AD3CE2CAD8}.Debug|Any CPU.Build.0 = Debug|Any CPU
		{D574B461-68DC-4F4D-A3E2-E4AD3CE2CAD8}.Release|Any CPU.ActiveCfg = Release|Any CPU
		{D574B461-68DC-4F4D-A3E2-E4AD3CE2CAD8}.Release|Any CPU.Build.0 = Release|Any CPU
		{96FF1BDB-3E6B-4A43-B930-35A87CE5C7D5}.Debug|Any CPU.ActiveCfg = Debug|Any CPU
		{96FF1BDB-3E6B-4A43-B930-35A87CE5C7D5}.Debug|Any CPU.Build.0 = Debug|Any CPU
		{96FF1BDB-3E6B-4A43-B930-35A87CE5C7D5}.Release|Any CPU.ActiveCfg = Release|Any CPU
		{96FF1BDB-3E6B-4A43-B930-35A87CE5C7D5}.Release|Any CPU.Build.0 = Release|Any CPU
		{8A35D700-999C-4966-BBDE-23DE9428FC59}.Debug|Any CPU.ActiveCfg = Debug|Any CPU
		{8A35D700-999C-4966-BBDE-23DE9428FC59}.Debug|Any CPU.Build.0 = Debug|Any CPU
		{8A35D700-999C-4966-BBDE-23DE9428FC59}.Release|Any CPU.ActiveCfg = Release|Any CPU
		{8A35D700-999C-4966-BBDE-23DE9428FC59}.Release|Any CPU.Build.0 = Release|Any CPU
		{CAFA45C5-80FF-4546-B07F-DCB6121CD7DE}.Debug|Any CPU.ActiveCfg = Debug|Any CPU
		{CAFA45C5-80FF-4546-B07F-DCB6121CD7DE}.Debug|Any CPU.Build.0 = Debug|Any CPU
		{CAFA45C5-80FF-4546-B07F-DCB6121CD7DE}.Release|Any CPU.ActiveCfg = Release|Any CPU
		{CAFA45C5-80FF-4546-B07F-DCB6121CD7DE}.Release|Any CPU.Build.0 = Release|Any CPU
		{8A695046-2272-4495-BE95-7D2261077132}.Debug|Any CPU.ActiveCfg = Debug|Any CPU
		{8A695046-2272-4495-BE95-7D2261077132}.Debug|Any CPU.Build.0 = Debug|Any CPU
		{8A695046-2272-4495-BE95-7D2261077132}.Release|Any CPU.ActiveCfg = Release|Any CPU
		{8A695046-2272-4495-BE95-7D2261077132}.Release|Any CPU.Build.0 = Release|Any CPU
		{C8472607-4485-4E07-B1C6-ACFE76F23077}.Debug|Any CPU.ActiveCfg = Debug|Any CPU
		{C8472607-4485-4E07-B1C6-ACFE76F23077}.Debug|Any CPU.Build.0 = Debug|Any CPU
		{C8472607-4485-4E07-B1C6-ACFE76F23077}.Release|Any CPU.ActiveCfg = Release|Any CPU
		{C8472607-4485-4E07-B1C6-ACFE76F23077}.Release|Any CPU.Build.0 = Release|Any CPU
		{6C5EEEC8-CE48-4F3B-9325-E38BDC1ACBCD}.Debug|Any CPU.ActiveCfg = Debug|Any CPU
		{6C5EEEC8-CE48-4F3B-9325-E38BDC1ACBCD}.Debug|Any CPU.Build.0 = Debug|Any CPU
		{6C5EEEC8-CE48-4F3B-9325-E38BDC1ACBCD}.Release|Any CPU.ActiveCfg = Release|Any CPU
		{6C5EEEC8-CE48-4F3B-9325-E38BDC1ACBCD}.Release|Any CPU.Build.0 = Release|Any CPU
		{A4C1A1DE-69CC-4240-84CD-9088709186F6}.Debug|Any CPU.ActiveCfg = Debug|Any CPU
		{A4C1A1DE-69CC-4240-84CD-9088709186F6}.Debug|Any CPU.Build.0 = Debug|Any CPU
		{A4C1A1DE-69CC-4240-84CD-9088709186F6}.Release|Any CPU.ActiveCfg = Release|Any CPU
		{A4C1A1DE-69CC-4240-84CD-9088709186F6}.Release|Any CPU.Build.0 = Release|Any CPU
		{C482919A-AD5A-4942-8FB1-841472495983}.Debug|Any CPU.ActiveCfg = Debug|Any CPU
		{C482919A-AD5A-4942-8FB1-841472495983}.Debug|Any CPU.Build.0 = Debug|Any CPU
		{C482919A-AD5A-4942-8FB1-841472495983}.Release|Any CPU.ActiveCfg = Release|Any CPU
		{C482919A-AD5A-4942-8FB1-841472495983}.Release|Any CPU.Build.0 = Release|Any CPU
		{F7E96355-FB9F-4303-B62B-6B2E0435BDC7}.Debug|Any CPU.ActiveCfg = Debug|Any CPU
		{F7E96355-FB9F-4303-B62B-6B2E0435BDC7}.Debug|Any CPU.Build.0 = Debug|Any CPU
		{F7E96355-FB9F-4303-B62B-6B2E0435BDC7}.Release|Any CPU.ActiveCfg = Release|Any CPU
		{F7E96355-FB9F-4303-B62B-6B2E0435BDC7}.Release|Any CPU.Build.0 = Release|Any CPU
		{FF0F2C7C-D442-4627-8395-59F83BDC606F}.Debug|Any CPU.ActiveCfg = Debug|Any CPU
		{FF0F2C7C-D442-4627-8395-59F83BDC606F}.Debug|Any CPU.Build.0 = Debug|Any CPU
		{FF0F2C7C-D442-4627-8395-59F83BDC606F}.Release|Any CPU.ActiveCfg = Release|Any CPU
		{FF0F2C7C-D442-4627-8395-59F83BDC606F}.Release|Any CPU.Build.0 = Release|Any CPU
		{A8726AE1-43F7-49E7-986A-C10805A34DAC}.Debug|Any CPU.ActiveCfg = Debug|Any CPU
		{A8726AE1-43F7-49E7-986A-C10805A34DAC}.Debug|Any CPU.Build.0 = Debug|Any CPU
		{A8726AE1-43F7-49E7-986A-C10805A34DAC}.Release|Any CPU.ActiveCfg = Release|Any CPU
		{A8726AE1-43F7-49E7-986A-C10805A34DAC}.Release|Any CPU.Build.0 = Release|Any CPU
		{17BF9E29-0EE8-49F7-97AE-4D7C00DEC921}.Debug|Any CPU.ActiveCfg = Debug|Any CPU
		{17BF9E29-0EE8-49F7-97AE-4D7C00DEC921}.Debug|Any CPU.Build.0 = Debug|Any CPU
		{17BF9E29-0EE8-49F7-97AE-4D7C00DEC921}.Release|Any CPU.ActiveCfg = Release|Any CPU
		{17BF9E29-0EE8-49F7-97AE-4D7C00DEC921}.Release|Any CPU.Build.0 = Release|Any CPU
		{9439918C-82C8-4E3A-B0B6-8E653CD4AF36}.Debug|Any CPU.ActiveCfg = Debug|Any CPU
		{9439918C-82C8-4E3A-B0B6-8E653CD4AF36}.Debug|Any CPU.Build.0 = Debug|Any CPU
		{9439918C-82C8-4E3A-B0B6-8E653CD4AF36}.Release|Any CPU.ActiveCfg = Release|Any CPU
		{9439918C-82C8-4E3A-B0B6-8E653CD4AF36}.Release|Any CPU.Build.0 = Release|Any CPU
	EndGlobalSection
	GlobalSection(SolutionProperties) = preSolution
		HideSolutionNode = FALSE
	EndGlobalSection
	GlobalSection(NestedProjects) = preSolution
		{BC9B4C85-BB29-4B99-854C-CA04702F2047} = {2F1AD903-9D49-4E20-9673-C93C5F85185B}
		{FC071BF1-ADF5-4A85-9E3F-ADC5E4361AE1} = {2F1AD903-9D49-4E20-9673-C93C5F85185B}
		{BE03C81D-C026-42CD-B618-65F1B3A97994} = {6BF28FB3-9FA0-4A68-A66F-B7701CD93C69}
		{E5D1AC14-D3BD-4621-A096-5868923CDE46} = {6BF28FB3-9FA0-4A68-A66F-B7701CD93C69}
		{0C41F250-F363-49E3-8024-7F1029396368} = {6BF28FB3-9FA0-4A68-A66F-B7701CD93C69}
		{575912F2-7432-43E9-B668-AD37095B5F08} = {6BF28FB3-9FA0-4A68-A66F-B7701CD93C69}
		{E520F077-1BDF-4B40-9231-A641907A8385} = {6BF28FB3-9FA0-4A68-A66F-B7701CD93C69}
		{760E072C-F48D-4E6A-BB26-46105A3A500F} = {6BF28FB3-9FA0-4A68-A66F-B7701CD93C69}
		{78681F99-D420-43A4-9488-103C86D4F331} = {6BF28FB3-9FA0-4A68-A66F-B7701CD93C69}
		{738189AD-7170-4393-9E46-EE09C1590EB9} = {6BF28FB3-9FA0-4A68-A66F-B7701CD93C69}
		{128A805A-EBB4-4EC8-A461-2949AF5F3615} = {6BF28FB3-9FA0-4A68-A66F-B7701CD93C69}
		{F95712C8-D9E5-4C4E-9BC0-2464C9F5232A} = {40C9D1BA-089B-41C3-A99E-5ED5D06462D1}
		{75562161-40E3-4C03-A4F6-AFE5472687C8} = {40C9D1BA-089B-41C3-A99E-5ED5D06462D1}
		{5AB36113-27A5-4B0A-A29B-165B69E84571} = {40C9D1BA-089B-41C3-A99E-5ED5D06462D1}
		{37A55C8E-BEEA-4917-92AD-D325DFFCDDD0} = {40C9D1BA-089B-41C3-A99E-5ED5D06462D1}
		{25AD23F9-36C7-462D-834E-81C6D18737B9} = {40C9D1BA-089B-41C3-A99E-5ED5D06462D1}
		{D53F80C8-5B1F-4153-989A-A10DD890B9D2} = {2F1AD903-9D49-4E20-9673-C93C5F85185B}
		{D7908BB4-28E9-4401-A477-DAD299AC494F} = {D53F80C8-5B1F-4153-989A-A10DD890B9D2}
		{A5546B4F-0D53-44B2-8357-10E49EA09847} = {D53F80C8-5B1F-4153-989A-A10DD890B9D2}
		{9D5E6CB2-9B3E-4EE6-9AFF-096DE4DE5EDC} = {40C9D1BA-089B-41C3-A99E-5ED5D06462D1}
		{43393575-ECC4-48BD-802F-934C98E951BF} = {40C9D1BA-089B-41C3-A99E-5ED5D06462D1}
		{21E4B92B-8803-405B-B05B-1524A5462886} = {40C9D1BA-089B-41C3-A99E-5ED5D06462D1}
		{47B7D805-040F-42F8-A057-BCF37476D2C7} = {40C9D1BA-089B-41C3-A99E-5ED5D06462D1}
		{DDB1B1B2-F1EB-4D19-8325-0CFEFECBBC46} = {40C9D1BA-089B-41C3-A99E-5ED5D06462D1}
		{AA1C66AC-4910-443E-ABA9-76F1E581EA78} = {D53F80C8-5B1F-4153-989A-A10DD890B9D2}
		{A181A232-49C5-47EF-A199-3BE0A19192A3} = {2F1AD903-9D49-4E20-9673-C93C5F85185B}
		{ADAF23A8-3574-4F9E-94C9-BF046AA26CF2} = {2F1AD903-9D49-4E20-9673-C93C5F85185B}
		{D52F0DA3-F60F-40AA-BDDD-EFE133485A3F} = {2F1AD903-9D49-4E20-9673-C93C5F85185B}
		{8CD6E17A-6E84-47B9-B069-C5ED19253ED1} = {D52F0DA3-F60F-40AA-BDDD-EFE133485A3F}
		{FEB1A5CA-7673-4D1C-8CE3-3158E6768839} = {2F1AD903-9D49-4E20-9673-C93C5F85185B}
		{D574B461-68DC-4F4D-A3E2-E4AD3CE2CAD8} = {D53F80C8-5B1F-4153-989A-A10DD890B9D2}
		{96FF1BDB-3E6B-4A43-B930-35A87CE5C7D5} = {D53F80C8-5B1F-4153-989A-A10DD890B9D2}
		{8A35D700-999C-4966-BBDE-23DE9428FC59} = {2F1AD903-9D49-4E20-9673-C93C5F85185B}
		{CAFA45C5-80FF-4546-B07F-DCB6121CD7DE} = {2F1AD903-9D49-4E20-9673-C93C5F85185B}
		{8A695046-2272-4495-BE95-7D2261077132} = {2F1AD903-9D49-4E20-9673-C93C5F85185B}
		{C8472607-4485-4E07-B1C6-ACFE76F23077} = {40C9D1BA-089B-41C3-A99E-5ED5D06462D1}
		{6C5EEEC8-CE48-4F3B-9325-E38BDC1ACBCD} = {40C9D1BA-089B-41C3-A99E-5ED5D06462D1}
		{A4C1A1DE-69CC-4240-84CD-9088709186F6} = {6BF28FB3-9FA0-4A68-A66F-B7701CD93C69}
		{C482919A-AD5A-4942-8FB1-841472495983} = {2F1AD903-9D49-4E20-9673-C93C5F85185B}
		{F7E96355-FB9F-4303-B62B-6B2E0435BDC7} = {2F1AD903-9D49-4E20-9673-C93C5F85185B}
		{FF0F2C7C-D442-4627-8395-59F83BDC606F} = {2F1AD903-9D49-4E20-9673-C93C5F85185B}
		{A8726AE1-43F7-49E7-986A-C10805A34DAC} = {2F1AD903-9D49-4E20-9673-C93C5F85185B}
		{17BF9E29-0EE8-49F7-97AE-4D7C00DEC921} = {6BF28FB3-9FA0-4A68-A66F-B7701CD93C69}
		{9439918C-82C8-4E3A-B0B6-8E653CD4AF36} = {40C9D1BA-089B-41C3-A99E-5ED5D06462D1}
	EndGlobalSection
	GlobalSection(ExtensibilityGlobals) = postSolution
		SolutionGuid = {89BCBB25-4DD3-406C-91A9-BB2F978C23F2}
	EndGlobalSection
EndGlobal
