
Microsoft Visual Studio Solution File, Format Version 12.00
# Visual Studio Version 17
VisualStudioVersion = 17.7.34031.279
MinimumVisualStudioVersion = 10.0.40219.1
Project("{2150E333-8FDC-42A3-9474-1A3956D46DE8}") = "Shared", "Shared", "{DA17F781-445B-4AA4-937D-0367EB4C68FE}"
	ProjectSection(SolutionItems) = preProject
		Directory.Packages.props = Directory.Packages.props
		SharedFrameworkAssmblyInfo.props = SharedFrameworkAssmblyInfo.props
	EndProjectSection
EndProject
Project("{9A19103F-16F7-4668-BE54-9A1E7A4F7556}") = "Nexai.Sample.Forex.VGrain.Abstractions", "Nexai.Sample.Forex.VGrain.Abstractions\Nexai.Sample.Forex.VGrain.Abstractions.csproj", "{5562D458-0378-4153-B054-D1A35553FDE6}"
EndProject
Project("{9A19103F-16F7-4668-BE54-9A1E7A4F7556}") = "Nexai.Sample.Forex.VGrain", "Nexai.Sample.Forex.VGrain\Nexai.Sample.Forex.VGrain.csproj", "{B99F7132-111D-4993-817A-FC49F51C17CD}"
EndProject
Project("{9A19103F-16F7-4668-BE54-9A1E7A4F7556}") = "Nexai.Sample.Forex.Api", "Nexai.Sample.Forex.Api\Nexai.Sample.Forex.Api.csproj", "{D4439D0B-7B5C-4292-942C-FD972941A497}"
EndProject
Project("{9A19103F-16F7-4668-BE54-9A1E7A4F7556}") = "Nexai.Sample.Forex.Node", "Nexai.Sample.Forex.Node\Nexai.Sample.Forex.Node.csproj", "{3070022C-31DF-4A75-A72A-34CF397C76AE}"
EndProject
Global
	GlobalSection(SolutionConfigurationPlatforms) = preSolution
		Debug|Any CPU = Debug|Any CPU
		Release|Any CPU = Release|Any CPU
	EndGlobalSection
	GlobalSection(ProjectConfigurationPlatforms) = postSolution
		{5562D458-0378-4153-B054-D1A35553FDE6}.Debug|Any CPU.ActiveCfg = Debug|Any CPU
		{5562D458-0378-4153-B054-D1A35553FDE6}.Debug|Any CPU.Build.0 = Debug|Any CPU
		{5562D458-0378-4153-B054-D1A35553FDE6}.Release|Any CPU.ActiveCfg = Release|Any CPU
		{5562D458-0378-4153-B054-D1A35553FDE6}.Release|Any CPU.Build.0 = Release|Any CPU
		{B99F7132-111D-4993-817A-FC49F51C17CD}.Debug|Any CPU.ActiveCfg = Debug|Any CPU
		{B99F7132-111D-4993-817A-FC49F51C17CD}.Debug|Any CPU.Build.0 = Debug|Any CPU
		{B99F7132-111D-4993-817A-FC49F51C17CD}.Release|Any CPU.ActiveCfg = Release|Any CPU
		{B99F7132-111D-4993-817A-FC49F51C17CD}.Release|Any CPU.Build.0 = Release|Any CPU
		{D4439D0B-7B5C-4292-942C-FD972941A497}.Debug|Any CPU.ActiveCfg = Debug|Any CPU
		{D4439D0B-7B5C-4292-942C-FD972941A497}.Debug|Any CPU.Build.0 = Debug|Any CPU
		{D4439D0B-7B5C-4292-942C-FD972941A497}.Release|Any CPU.ActiveCfg = Release|Any CPU
		{D4439D0B-7B5C-4292-942C-FD972941A497}.Release|Any CPU.Build.0 = Release|Any CPU
		{3070022C-31DF-4A75-A72A-34CF397C76AE}.Debug|Any CPU.ActiveCfg = Debug|Any CPU
		{3070022C-31DF-4A75-A72A-34CF397C76AE}.Debug|Any CPU.Build.0 = Debug|Any CPU
		{3070022C-31DF-4A75-A72A-34CF397C76AE}.Release|Any CPU.ActiveCfg = Release|Any CPU
		{3070022C-31DF-4A75-A72A-34CF397C76AE}.Release|Any CPU.Build.0 = Release|Any CPU
	EndGlobalSection
	GlobalSection(SolutionProperties) = preSolution
		HideSolutionNode = FALSE
	EndGlobalSection
	GlobalSection(ExtensibilityGlobals) = postSolution
		SolutionGuid = {183120E8-D174-4AA9-BE8F-DA2590B7D251}
	EndGlobalSection
EndGlobal
