
Microsoft Visual Studio Solution File, Format Version 12.00
# Visual Studio Version 17
VisualStudioVersion = 17.7.34031.279
MinimumVisualStudioVersion = 10.0.40219.1
Project("{FAE04EC0-301F-11D3-BF4B-00C04F79EFBC}") = "PythonCalculatorApi", "PythonCalculatorApi\PythonCalculatorApi.csproj", "{4EE1216E-032D-41CE-BF28-ABFD7405A88A}"
EndProject
Project("{2150E333-8FDC-42A3-9474-1A3956D46DE8}") = "Shared", "Shared", "{5B4B81F2-0A17-439F-A421-2E72520B0FFF}"
	ProjectSection(SolutionItems) = preProject
		Directory.Packages.props = Directory.Packages.props
		SharedFrameworkAssemblyInfo.props = SharedFrameworkAssemblyInfo.props
	EndProjectSection
EndProject
Global
	GlobalSection(SolutionConfigurationPlatforms) = preSolution
		Debug|Any CPU = Debug|Any CPU
		Release|Any CPU = Release|Any CPU
	EndGlobalSection
	GlobalSection(ProjectConfigurationPlatforms) = postSolution
		{4EE1216E-032D-41CE-BF28-ABFD7405A88A}.Debug|Any CPU.ActiveCfg = Debug|Any CPU
		{4EE1216E-032D-41CE-BF28-ABFD7405A88A}.Debug|Any CPU.Build.0 = Debug|Any CPU
		{4EE1216E-032D-41CE-BF28-ABFD7405A88A}.Release|Any CPU.ActiveCfg = Release|Any CPU
		{4EE1216E-032D-41CE-BF28-ABFD7405A88A}.Release|Any CPU.Build.0 = Release|Any CPU
	EndGlobalSection
	GlobalSection(SolutionProperties) = preSolution
		HideSolutionNode = FALSE
	EndGlobalSection
	GlobalSection(ExtensibilityGlobals) = postSolution
		SolutionGuid = {AEFD1D3E-DD6C-41CE-B4B6-AA3147996ADD}
	EndGlobalSection
EndGlobal
